// !$*UTF8*$!
{
	archiveVersion = 1;
	classes = {
	};
	objectVersion = 56;
	objects = {

/* Begin PBXBuildFile section */
		1206DB772A1A05DE0038B183 /* LabelFactory.swift in Sources */ = {isa = PBXBuildFile; fileRef = 1206DB762A1A05DE0038B183 /* LabelFactory.swift */; };
		1206DB792A1A1A100038B183 /* UIViewExtension.swift in Sources */ = {isa = PBXBuildFile; fileRef = 1206DB782A1A1A100038B183 /* UIViewExtension.swift */; };
		1206DB7B2A1A20150038B183 /* AmountView.swift in Sources */ = {isa = PBXBuildFile; fileRef = 1206DB7A2A1A20150038B183 /* AmountView.swift */; };
		12A4081D2A1776F900C5F640 /* AppDelegate.swift in Sources */ = {isa = PBXBuildFile; fileRef = 12A4081C2A1776F900C5F640 /* AppDelegate.swift */; };
		12A4081F2A1776F900C5F640 /* SceneDelegate.swift in Sources */ = {isa = PBXBuildFile; fileRef = 12A4081E2A1776F900C5F640 /* SceneDelegate.swift */; };
		12A408212A1776F900C5F640 /* CalculatorVC.swift in Sources */ = {isa = PBXBuildFile; fileRef = 12A408202A1776F900C5F640 /* CalculatorVC.swift */; };
		12A408242A1776F900C5F640 /* Main.storyboard in Resources */ = {isa = PBXBuildFile; fileRef = 12A408222A1776F900C5F640 /* Main.storyboard */; };
		12A408262A1776FA00C5F640 /* Assets.xcassets in Resources */ = {isa = PBXBuildFile; fileRef = 12A408252A1776FA00C5F640 /* Assets.xcassets */; };
		12A408292A1776FA00C5F640 /* LaunchScreen.storyboard in Resources */ = {isa = PBXBuildFile; fileRef = 12A408272A1776FA00C5F640 /* LaunchScreen.storyboard */; };
		12A408342A1776FA00C5F640 /* TipCalculatorTests.swift in Sources */ = {isa = PBXBuildFile; fileRef = 12A408332A1776FA00C5F640 /* TipCalculatorTests.swift */; };
		12A4083E2A1776FA00C5F640 /* TipCalculatorUITests.swift in Sources */ = {isa = PBXBuildFile; fileRef = 12A4083D2A1776FA00C5F640 /* TipCalculatorUITests.swift */; };
		12A408402A1776FA00C5F640 /* TipCalculatorUITestsLaunchTests.swift in Sources */ = {isa = PBXBuildFile; fileRef = 12A4083F2A1776FA00C5F640 /* TipCalculatorUITestsLaunchTests.swift */; };
		12A4084E2A1777D900C5F640 /* CombineCocoa in Frameworks */ = {isa = PBXBuildFile; productRef = 12A4084D2A1777D900C5F640 /* CombineCocoa */; };
		12A408512A17780D00C5F640 /* SnapKit in Frameworks */ = {isa = PBXBuildFile; productRef = 12A408502A17780D00C5F640 /* SnapKit */; };
		12A408542A17785600C5F640 /* CombineCocoa in Frameworks */ = {isa = PBXBuildFile; productRef = 12A408532A17785600C5F640 /* CombineCocoa */; };
		12A408572A1778DC00C5F640 /* SnapshotTesting in Frameworks */ = {isa = PBXBuildFile; productRef = 12A408562A1778DC00C5F640 /* SnapshotTesting */; };
		12A408592A17792C00C5F640 /* CombineCocoa in Frameworks */ = {isa = PBXBuildFile; productRef = 12A408582A17792C00C5F640 /* CombineCocoa */; };
		12A4085C2A177DBF00C5F640 /* LogoView.swift in Sources */ = {isa = PBXBuildFile; fileRef = 12A4085B2A177DBF00C5F640 /* LogoView.swift */; };
		12A4085E2A177EFF00C5F640 /* ResultView.swift in Sources */ = {isa = PBXBuildFile; fileRef = 12A4085D2A177EFF00C5F640 /* ResultView.swift */; };
		12A408622A177FCB00C5F640 /* BillInputView.swift in Sources */ = {isa = PBXBuildFile; fileRef = 12A408612A177FCB00C5F640 /* BillInputView.swift */; };
		12A408642A17801900C5F640 /* TipInputView.swift in Sources */ = {isa = PBXBuildFile; fileRef = 12A408632A17801900C5F640 /* TipInputView.swift */; };
		12A408662A1780AF00C5F640 /* SplitInputView.swift in Sources */ = {isa = PBXBuildFile; fileRef = 12A408652A1780AF00C5F640 /* SplitInputView.swift */; };
		12A408692A17850D00C5F640 /* ThemeColor.swift in Sources */ = {isa = PBXBuildFile; fileRef = 12A408682A17850D00C5F640 /* ThemeColor.swift */; };
		12A4086B2A17851500C5F640 /* ThemeFont.swift in Sources */ = {isa = PBXBuildFile; fileRef = 12A4086A2A17851500C5F640 /* ThemeFont.swift */; };
		12A4086E2A17853F00C5F640 /* UIColor+Extension.swift in Sources */ = {isa = PBXBuildFile; fileRef = 12A4086D2A17853F00C5F640 /* UIColor+Extension.swift */; };
/* End PBXBuildFile section */

/* Begin PBXContainerItemProxy section */
		12A408302A1776FA00C5F640 /* PBXContainerItemProxy */ = {
			isa = PBXContainerItemProxy;
			containerPortal = 12A408112A1776F900C5F640 /* Project object */;
			proxyType = 1;
			remoteGlobalIDString = 12A408182A1776F900C5F640;
			remoteInfo = TipCalculator;
		};
		12A4083A2A1776FA00C5F640 /* PBXContainerItemProxy */ = {
			isa = PBXContainerItemProxy;
			containerPortal = 12A408112A1776F900C5F640 /* Project object */;
			proxyType = 1;
			remoteGlobalIDString = 12A408182A1776F900C5F640;
			remoteInfo = TipCalculator;
		};
/* End PBXContainerItemProxy section */

/* Begin PBXFileReference section */
		1206DB762A1A05DE0038B183 /* LabelFactory.swift */ = {isa = PBXFileReference; lastKnownFileType = sourcecode.swift; path = LabelFactory.swift; sourceTree = "<group>"; };
		1206DB782A1A1A100038B183 /* UIViewExtension.swift */ = {isa = PBXFileReference; lastKnownFileType = sourcecode.swift; path = UIViewExtension.swift; sourceTree = "<group>"; };
		1206DB7A2A1A20150038B183 /* AmountView.swift */ = {isa = PBXFileReference; lastKnownFileType = sourcecode.swift; path = AmountView.swift; sourceTree = "<group>"; };
		12A408192A1776F900C5F640 /* TipCalculator.app */ = {isa = PBXFileReference; explicitFileType = wrapper.application; includeInIndex = 0; path = TipCalculator.app; sourceTree = BUILT_PRODUCTS_DIR; };
		12A4081C2A1776F900C5F640 /* AppDelegate.swift */ = {isa = PBXFileReference; lastKnownFileType = sourcecode.swift; path = AppDelegate.swift; sourceTree = "<group>"; };
		12A4081E2A1776F900C5F640 /* SceneDelegate.swift */ = {isa = PBXFileReference; lastKnownFileType = sourcecode.swift; path = SceneDelegate.swift; sourceTree = "<group>"; };
		12A408202A1776F900C5F640 /* CalculatorVC.swift */ = {isa = PBXFileReference; lastKnownFileType = sourcecode.swift; path = CalculatorVC.swift; sourceTree = "<group>"; };
		12A408232A1776F900C5F640 /* Base */ = {isa = PBXFileReference; lastKnownFileType = file.storyboard; name = Base; path = Base.lproj/Main.storyboard; sourceTree = "<group>"; };
		12A408252A1776FA00C5F640 /* Assets.xcassets */ = {isa = PBXFileReference; lastKnownFileType = folder.assetcatalog; path = Assets.xcassets; sourceTree = "<group>"; };
		12A408282A1776FA00C5F640 /* Base */ = {isa = PBXFileReference; lastKnownFileType = file.storyboard; name = Base; path = Base.lproj/LaunchScreen.storyboard; sourceTree = "<group>"; };
		12A4082A2A1776FA00C5F640 /* Info.plist */ = {isa = PBXFileReference; lastKnownFileType = text.plist.xml; path = Info.plist; sourceTree = "<group>"; };
		12A4082F2A1776FA00C5F640 /* TipCalculatorTests.xctest */ = {isa = PBXFileReference; explicitFileType = wrapper.cfbundle; includeInIndex = 0; path = TipCalculatorTests.xctest; sourceTree = BUILT_PRODUCTS_DIR; };
		12A408332A1776FA00C5F640 /* TipCalculatorTests.swift */ = {isa = PBXFileReference; lastKnownFileType = sourcecode.swift; path = TipCalculatorTests.swift; sourceTree = "<group>"; };
		12A408392A1776FA00C5F640 /* TipCalculatorUITests.xctest */ = {isa = PBXFileReference; explicitFileType = wrapper.cfbundle; includeInIndex = 0; path = TipCalculatorUITests.xctest; sourceTree = BUILT_PRODUCTS_DIR; };
		12A4083D2A1776FA00C5F640 /* TipCalculatorUITests.swift */ = {isa = PBXFileReference; lastKnownFileType = sourcecode.swift; path = TipCalculatorUITests.swift; sourceTree = "<group>"; };
		12A4083F2A1776FA00C5F640 /* TipCalculatorUITestsLaunchTests.swift */ = {isa = PBXFileReference; lastKnownFileType = sourcecode.swift; path = TipCalculatorUITestsLaunchTests.swift; sourceTree = "<group>"; };
		12A4085B2A177DBF00C5F640 /* LogoView.swift */ = {isa = PBXFileReference; lastKnownFileType = sourcecode.swift; path = LogoView.swift; sourceTree = "<group>"; };
		12A4085D2A177EFF00C5F640 /* ResultView.swift */ = {isa = PBXFileReference; lastKnownFileType = sourcecode.swift; path = ResultView.swift; sourceTree = "<group>"; };
		12A408612A177FCB00C5F640 /* BillInputView.swift */ = {isa = PBXFileReference; lastKnownFileType = sourcecode.swift; path = BillInputView.swift; sourceTree = "<group>"; };
		12A408632A17801900C5F640 /* TipInputView.swift */ = {isa = PBXFileReference; lastKnownFileType = sourcecode.swift; path = TipInputView.swift; sourceTree = "<group>"; };
		12A408652A1780AF00C5F640 /* SplitInputView.swift */ = {isa = PBXFileReference; lastKnownFileType = sourcecode.swift; path = SplitInputView.swift; sourceTree = "<group>"; };
		12A408682A17850D00C5F640 /* ThemeColor.swift */ = {isa = PBXFileReference; lastKnownFileType = sourcecode.swift; path = ThemeColor.swift; sourceTree = "<group>"; };
		12A4086A2A17851500C5F640 /* ThemeFont.swift */ = {isa = PBXFileReference; lastKnownFileType = sourcecode.swift; path = ThemeFont.swift; sourceTree = "<group>"; };
		12A4086D2A17853F00C5F640 /* UIColor+Extension.swift */ = {isa = PBXFileReference; lastKnownFileType = sourcecode.swift; path = "UIColor+Extension.swift"; sourceTree = "<group>"; };
/* End PBXFileReference section */

/* Begin PBXFrameworksBuildPhase section */
		12A408162A1776F900C5F640 /* Frameworks */ = {
			isa = PBXFrameworksBuildPhase;
			buildActionMask = 2147483647;
			files = (
				12A4084E2A1777D900C5F640 /* CombineCocoa in Frameworks */,
				12A408512A17780D00C5F640 /* SnapKit in Frameworks */,
			);
			runOnlyForDeploymentPostprocessing = 0;
		};
		12A4082C2A1776FA00C5F640 /* Frameworks */ = {
			isa = PBXFrameworksBuildPhase;
			buildActionMask = 2147483647;
			files = (
				12A408542A17785600C5F640 /* CombineCocoa in Frameworks */,
				12A408572A1778DC00C5F640 /* SnapshotTesting in Frameworks */,
			);
			runOnlyForDeploymentPostprocessing = 0;
		};
		12A408362A1776FA00C5F640 /* Frameworks */ = {
			isa = PBXFrameworksBuildPhase;
			buildActionMask = 2147483647;
			files = (
				12A408592A17792C00C5F640 /* CombineCocoa in Frameworks */,
			);
			runOnlyForDeploymentPostprocessing = 0;
		};
/* End PBXFrameworksBuildPhase section */

/* Begin PBXGroup section */
		1206DB752A1A05C90038B183 /* Factory */ = {
			isa = PBXGroup;
			children = (
				1206DB762A1A05DE0038B183 /* LabelFactory.swift */,
			);
			path = Factory;
			sourceTree = "<group>";
		};
		12A408102A1776F900C5F640 = {
			isa = PBXGroup;
			children = (
				12A4081B2A1776F900C5F640 /* TipCalculator */,
				12A408322A1776FA00C5F640 /* TipCalculatorTests */,
				12A4083C2A1776FA00C5F640 /* TipCalculatorUITests */,
				12A4081A2A1776F900C5F640 /* Products */,
				12A408522A17785600C5F640 /* Frameworks */,
			);
			sourceTree = "<group>";
		};
		12A4081A2A1776F900C5F640 /* Products */ = {
			isa = PBXGroup;
			children = (
				12A408192A1776F900C5F640 /* TipCalculator.app */,
				12A4082F2A1776FA00C5F640 /* TipCalculatorTests.xctest */,
				12A408392A1776FA00C5F640 /* TipCalculatorUITests.xctest */,
			);
			name = Products;
			sourceTree = "<group>";
		};
		12A4081B2A1776F900C5F640 /* TipCalculator */ = {
			isa = PBXGroup;
			children = (
				1206DB752A1A05C90038B183 /* Factory */,
				12A4086C2A17853400C5F640 /* Extensions */,
				12A408672A17850300C5F640 /* Config */,
				12A4085A2A177DB300C5F640 /* View */,
				12A4081C2A1776F900C5F640 /* AppDelegate.swift */,
				12A4081E2A1776F900C5F640 /* SceneDelegate.swift */,
				12A408202A1776F900C5F640 /* CalculatorVC.swift */,
				12A408222A1776F900C5F640 /* Main.storyboard */,
				12A408252A1776FA00C5F640 /* Assets.xcassets */,
				12A408272A1776FA00C5F640 /* LaunchScreen.storyboard */,
				12A4082A2A1776FA00C5F640 /* Info.plist */,
			);
			path = TipCalculator;
			sourceTree = "<group>";
		};
		12A408322A1776FA00C5F640 /* TipCalculatorTests */ = {
			isa = PBXGroup;
			children = (
				12A408332A1776FA00C5F640 /* TipCalculatorTests.swift */,
			);
			path = TipCalculatorTests;
			sourceTree = "<group>";
		};
		12A4083C2A1776FA00C5F640 /* TipCalculatorUITests */ = {
			isa = PBXGroup;
			children = (
				12A4083D2A1776FA00C5F640 /* TipCalculatorUITests.swift */,
				12A4083F2A1776FA00C5F640 /* TipCalculatorUITestsLaunchTests.swift */,
			);
			path = TipCalculatorUITests;
			sourceTree = "<group>";
		};
		12A408522A17785600C5F640 /* Frameworks */ = {
			isa = PBXGroup;
			children = (
			);
			name = Frameworks;
			sourceTree = "<group>";
		};
		12A4085A2A177DB300C5F640 /* View */ = {
			isa = PBXGroup;
			children = (
				12A4085B2A177DBF00C5F640 /* LogoView.swift */,
				12A4085D2A177EFF00C5F640 /* ResultView.swift */,
				1206DB7A2A1A20150038B183 /* AmountView.swift */,
				12A408612A177FCB00C5F640 /* BillInputView.swift */,
				12A408632A17801900C5F640 /* TipInputView.swift */,
				12A408652A1780AF00C5F640 /* SplitInputView.swift */,
			);
			path = View;
			sourceTree = "<group>";
		};
		12A408672A17850300C5F640 /* Config */ = {
			isa = PBXGroup;
			children = (
				12A408682A17850D00C5F640 /* ThemeColor.swift */,
				12A4086A2A17851500C5F640 /* ThemeFont.swift */,
			);
			path = Config;
			sourceTree = "<group>";
		};
		12A4086C2A17853400C5F640 /* Extensions */ = {
			isa = PBXGroup;
			children = (
				12A4086D2A17853F00C5F640 /* UIColor+Extension.swift */,
				1206DB782A1A1A100038B183 /* UIViewExtension.swift */,
			);
			path = Extensions;
			sourceTree = "<group>";
		};
/* End PBXGroup section */

/* Begin PBXNativeTarget section */
		12A408182A1776F900C5F640 /* TipCalculator */ = {
			isa = PBXNativeTarget;
			buildConfigurationList = 12A408432A1776FA00C5F640 /* Build configuration list for PBXNativeTarget "TipCalculator" */;
			buildPhases = (
				12A408152A1776F900C5F640 /* Sources */,
				12A408162A1776F900C5F640 /* Frameworks */,
				12A408172A1776F900C5F640 /* Resources */,
			);
			buildRules = (
			);
			dependencies = (
			);
			name = TipCalculator;
			packageProductDependencies = (
				12A4084D2A1777D900C5F640 /* CombineCocoa */,
				12A408502A17780D00C5F640 /* SnapKit */,
			);
			productName = TipCalculator;
			productReference = 12A408192A1776F900C5F640 /* TipCalculator.app */;
			productType = "com.apple.product-type.application";
		};
		12A4082E2A1776FA00C5F640 /* TipCalculatorTests */ = {
			isa = PBXNativeTarget;
			buildConfigurationList = 12A408462A1776FA00C5F640 /* Build configuration list for PBXNativeTarget "TipCalculatorTests" */;
			buildPhases = (
				12A4082B2A1776FA00C5F640 /* Sources */,
				12A4082C2A1776FA00C5F640 /* Frameworks */,
				12A4082D2A1776FA00C5F640 /* Resources */,
			);
			buildRules = (
			);
			dependencies = (
				12A408312A1776FA00C5F640 /* PBXTargetDependency */,
			);
			name = TipCalculatorTests;
			packageProductDependencies = (
				12A408532A17785600C5F640 /* CombineCocoa */,
				12A408562A1778DC00C5F640 /* SnapshotTesting */,
			);
			productName = TipCalculatorTests;
			productReference = 12A4082F2A1776FA00C5F640 /* TipCalculatorTests.xctest */;
			productType = "com.apple.product-type.bundle.unit-test";
		};
		12A408382A1776FA00C5F640 /* TipCalculatorUITests */ = {
			isa = PBXNativeTarget;
			buildConfigurationList = 12A408492A1776FA00C5F640 /* Build configuration list for PBXNativeTarget "TipCalculatorUITests" */;
			buildPhases = (
				12A408352A1776FA00C5F640 /* Sources */,
				12A408362A1776FA00C5F640 /* Frameworks */,
				12A408372A1776FA00C5F640 /* Resources */,
			);
			buildRules = (
			);
			dependencies = (
				12A4083B2A1776FA00C5F640 /* PBXTargetDependency */,
			);
			name = TipCalculatorUITests;
			packageProductDependencies = (
				12A408582A17792C00C5F640 /* CombineCocoa */,
			);
			productName = TipCalculatorUITests;
			productReference = 12A408392A1776FA00C5F640 /* TipCalculatorUITests.xctest */;
			productType = "com.apple.product-type.bundle.ui-testing";
		};
/* End PBXNativeTarget section */

/* Begin PBXProject section */
		12A408112A1776F900C5F640 /* Project object */ = {
			isa = PBXProject;
			attributes = {
				BuildIndependentTargetsInParallel = 1;
				LastSwiftUpdateCheck = 1410;
				LastUpgradeCheck = 1410;
				TargetAttributes = {
					12A408182A1776F900C5F640 = {
						CreatedOnToolsVersion = 14.1;
					};
					12A4082E2A1776FA00C5F640 = {
						CreatedOnToolsVersion = 14.1;
						TestTargetID = 12A408182A1776F900C5F640;
					};
					12A408382A1776FA00C5F640 = {
						CreatedOnToolsVersion = 14.1;
						TestTargetID = 12A408182A1776F900C5F640;
					};
				};
			};
			buildConfigurationList = 12A408142A1776F900C5F640 /* Build configuration list for PBXProject "TipCalculator" */;
			compatibilityVersion = "Xcode 14.0";
			developmentRegion = en;
			hasScannedForEncodings = 0;
			knownRegions = (
				en,
				Base,
			);
			mainGroup = 12A408102A1776F900C5F640;
			packageReferences = (
				12A4084C2A1777D900C5F640 /* XCRemoteSwiftPackageReference "CombineCocoa" */,
				12A4084F2A17780D00C5F640 /* XCRemoteSwiftPackageReference "SnapKit" */,
				12A408552A1778DC00C5F640 /* XCRemoteSwiftPackageReference "swift-snapshot-testing" */,
			);
			productRefGroup = 12A4081A2A1776F900C5F640 /* Products */;
			projectDirPath = "";
			projectRoot = "";
			targets = (
				12A408182A1776F900C5F640 /* TipCalculator */,
				12A4082E2A1776FA00C5F640 /* TipCalculatorTests */,
				12A408382A1776FA00C5F640 /* TipCalculatorUITests */,
			);
		};
/* End PBXProject section */

/* Begin PBXResourcesBuildPhase section */
		12A408172A1776F900C5F640 /* Resources */ = {
			isa = PBXResourcesBuildPhase;
			buildActionMask = 2147483647;
			files = (
				12A408292A1776FA00C5F640 /* LaunchScreen.storyboard in Resources */,
				12A408262A1776FA00C5F640 /* Assets.xcassets in Resources */,
				12A408242A1776F900C5F640 /* Main.storyboard in Resources */,
			);
			runOnlyForDeploymentPostprocessing = 0;
		};
		12A4082D2A1776FA00C5F640 /* Resources */ = {
			isa = PBXResourcesBuildPhase;
			buildActionMask = 2147483647;
			files = (
			);
			runOnlyForDeploymentPostprocessing = 0;
		};
		12A408372A1776FA00C5F640 /* Resources */ = {
			isa = PBXResourcesBuildPhase;
			buildActionMask = 2147483647;
			files = (
			);
			runOnlyForDeploymentPostprocessing = 0;
		};
/* End PBXResourcesBuildPhase section */

/* Begin PBXSourcesBuildPhase section */
		12A408152A1776F900C5F640 /* Sources */ = {
			isa = PBXSourcesBuildPhase;
			buildActionMask = 2147483647;
			files = (
				1206DB7B2A1A20150038B183 /* AmountView.swift in Sources */,
				12A408212A1776F900C5F640 /* CalculatorVC.swift in Sources */,
				12A4085C2A177DBF00C5F640 /* LogoView.swift in Sources */,
				12A408692A17850D00C5F640 /* ThemeColor.swift in Sources */,
				12A4086E2A17853F00C5F640 /* UIColor+Extension.swift in Sources */,
				12A408622A177FCB00C5F640 /* BillInputView.swift in Sources */,
				12A4085E2A177EFF00C5F640 /* ResultView.swift in Sources */,
				12A4081D2A1776F900C5F640 /* AppDelegate.swift in Sources */,
				12A4086B2A17851500C5F640 /* ThemeFont.swift in Sources */,
				12A4081F2A1776F900C5F640 /* SceneDelegate.swift in Sources */,
				1206DB792A1A1A100038B183 /* UIViewExtension.swift in Sources */,
				1206DB772A1A05DE0038B183 /* LabelFactory.swift in Sources */,
				12A408662A1780AF00C5F640 /* SplitInputView.swift in Sources */,
				12A408642A17801900C5F640 /* TipInputView.swift in Sources */,
			);
			runOnlyForDeploymentPostprocessing = 0;
		};
		12A4082B2A1776FA00C5F640 /* Sources */ = {
			isa = PBXSourcesBuildPhase;
			buildActionMask = 2147483647;
			files = (
				12A408342A1776FA00C5F640 /* TipCalculatorTests.swift in Sources */,
			);
			runOnlyForDeploymentPostprocessing = 0;
		};
		12A408352A1776FA00C5F640 /* Sources */ = {
			isa = PBXSourcesBuildPhase;
			buildActionMask = 2147483647;
			files = (
				12A408402A1776FA00C5F640 /* TipCalculatorUITestsLaunchTests.swift in Sources */,
				12A4083E2A1776FA00C5F640 /* TipCalculatorUITests.swift in Sources */,
			);
			runOnlyForDeploymentPostprocessing = 0;
		};
/* End PBXSourcesBuildPhase section */

/* Begin PBXTargetDependency section */
		12A408312A1776FA00C5F640 /* PBXTargetDependency */ = {
			isa = PBXTargetDependency;
			target = 12A408182A1776F900C5F640 /* TipCalculator */;
			targetProxy = 12A408302A1776FA00C5F640 /* PBXContainerItemProxy */;
		};
		12A4083B2A1776FA00C5F640 /* PBXTargetDependency */ = {
			isa = PBXTargetDependency;
			target = 12A408182A1776F900C5F640 /* TipCalculator */;
			targetProxy = 12A4083A2A1776FA00C5F640 /* PBXContainerItemProxy */;
		};
/* End PBXTargetDependency section */

/* Begin PBXVariantGroup section */
		12A408222A1776F900C5F640 /* Main.storyboard */ = {
			isa = PBXVariantGroup;
			children = (
				12A408232A1776F900C5F640 /* Base */,
			);
			name = Main.storyboard;
			sourceTree = "<group>";
		};
		12A408272A1776FA00C5F640 /* LaunchScreen.storyboard */ = {
			isa = PBXVariantGroup;
			children = (
				12A408282A1776FA00C5F640 /* Base */,
			);
			name = LaunchScreen.storyboard;
			sourceTree = "<group>";
		};
/* End PBXVariantGroup section */

/* Begin XCBuildConfiguration section */
		12A408412A1776FA00C5F640 /* Debug */ = {
			isa = XCBuildConfiguration;
			buildSettings = {
				ALWAYS_SEARCH_USER_PATHS = NO;
				CLANG_ANALYZER_NONNULL = YES;
				CLANG_ANALYZER_NUMBER_OBJECT_CONVERSION = YES_AGGRESSIVE;
				CLANG_CXX_LANGUAGE_STANDARD = "gnu++20";
				CLANG_ENABLE_MODULES = YES;
				CLANG_ENABLE_OBJC_ARC = YES;
				CLANG_ENABLE_OBJC_WEAK = YES;
				CLANG_WARN_BLOCK_CAPTURE_AUTORELEASING = YES;
				CLANG_WARN_BOOL_CONVERSION = YES;
				CLANG_WARN_COMMA = YES;
				CLANG_WARN_CONSTANT_CONVERSION = YES;
				CLANG_WARN_DEPRECATED_OBJC_IMPLEMENTATIONS = YES;
				CLANG_WARN_DIRECT_OBJC_ISA_USAGE = YES_ERROR;
				CLANG_WARN_DOCUMENTATION_COMMENTS = YES;
				CLANG_WARN_EMPTY_BODY = YES;
				CLANG_WARN_ENUM_CONVERSION = YES;
				CLANG_WARN_INFINITE_RECURSION = YES;
				CLANG_WARN_INT_CONVERSION = YES;
				CLANG_WARN_NON_LITERAL_NULL_CONVERSION = YES;
				CLANG_WARN_OBJC_IMPLICIT_RETAIN_SELF = YES;
				CLANG_WARN_OBJC_LITERAL_CONVERSION = YES;
				CLANG_WARN_OBJC_ROOT_CLASS = YES_ERROR;
				CLANG_WARN_QUOTED_INCLUDE_IN_FRAMEWORK_HEADER = YES;
				CLANG_WARN_RANGE_LOOP_ANALYSIS = YES;
				CLANG_WARN_STRICT_PROTOTYPES = YES;
				CLANG_WARN_SUSPICIOUS_MOVE = YES;
				CLANG_WARN_UNGUARDED_AVAILABILITY = YES_AGGRESSIVE;
				CLANG_WARN_UNREACHABLE_CODE = YES;
				CLANG_WARN__DUPLICATE_METHOD_MATCH = YES;
				COPY_PHASE_STRIP = NO;
				DEBUG_INFORMATION_FORMAT = dwarf;
				ENABLE_STRICT_OBJC_MSGSEND = YES;
				ENABLE_TESTABILITY = YES;
				GCC_C_LANGUAGE_STANDARD = gnu11;
				GCC_DYNAMIC_NO_PIC = NO;
				GCC_NO_COMMON_BLOCKS = YES;
				GCC_OPTIMIZATION_LEVEL = 0;
				GCC_PREPROCESSOR_DEFINITIONS = (
					"DEBUG=1",
					"$(inherited)",
				);
				GCC_WARN_64_TO_32_BIT_CONVERSION = YES;
				GCC_WARN_ABOUT_RETURN_TYPE = YES_ERROR;
				GCC_WARN_UNDECLARED_SELECTOR = YES;
				GCC_WARN_UNINITIALIZED_AUTOS = YES_AGGRESSIVE;
				GCC_WARN_UNUSED_FUNCTION = YES;
				GCC_WARN_UNUSED_VARIABLE = YES;
				IPHONEOS_DEPLOYMENT_TARGET = 16.1;
				MTL_ENABLE_DEBUG_INFO = INCLUDE_SOURCE;
				MTL_FAST_MATH = YES;
				ONLY_ACTIVE_ARCH = YES;
				SDKROOT = iphoneos;
				SWIFT_ACTIVE_COMPILATION_CONDITIONS = DEBUG;
				SWIFT_OPTIMIZATION_LEVEL = "-Onone";
			};
			name = Debug;
		};
		12A408422A1776FA00C5F640 /* Release */ = {
			isa = XCBuildConfiguration;
			buildSettings = {
				ALWAYS_SEARCH_USER_PATHS = NO;
				CLANG_ANALYZER_NONNULL = YES;
				CLANG_ANALYZER_NUMBER_OBJECT_CONVERSION = YES_AGGRESSIVE;
				CLANG_CXX_LANGUAGE_STANDARD = "gnu++20";
				CLANG_ENABLE_MODULES = YES;
				CLANG_ENABLE_OBJC_ARC = YES;
				CLANG_ENABLE_OBJC_WEAK = YES;
				CLANG_WARN_BLOCK_CAPTURE_AUTORELEASING = YES;
				CLANG_WARN_BOOL_CONVERSION = YES;
				CLANG_WARN_COMMA = YES;
				CLANG_WARN_CONSTANT_CONVERSION = YES;
				CLANG_WARN_DEPRECATED_OBJC_IMPLEMENTATIONS = YES;
				CLANG_WARN_DIRECT_OBJC_ISA_USAGE = YES_ERROR;
				CLANG_WARN_DOCUMENTATION_COMMENTS = YES;
				CLANG_WARN_EMPTY_BODY = YES;
				CLANG_WARN_ENUM_CONVERSION = YES;
				CLANG_WARN_INFINITE_RECURSION = YES;
				CLANG_WARN_INT_CONVERSION = YES;
				CLANG_WARN_NON_LITERAL_NULL_CONVERSION = YES;
				CLANG_WARN_OBJC_IMPLICIT_RETAIN_SELF = YES;
				CLANG_WARN_OBJC_LITERAL_CONVERSION = YES;
				CLANG_WARN_OBJC_ROOT_CLASS = YES_ERROR;
				CLANG_WARN_QUOTED_INCLUDE_IN_FRAMEWORK_HEADER = YES;
				CLANG_WARN_RANGE_LOOP_ANALYSIS = YES;
				CLANG_WARN_STRICT_PROTOTYPES = YES;
				CLANG_WARN_SUSPICIOUS_MOVE = YES;
				CLANG_WARN_UNGUARDED_AVAILABILITY = YES_AGGRESSIVE;
				CLANG_WARN_UNREACHABLE_CODE = YES;
				CLANG_WARN__DUPLICATE_METHOD_MATCH = YES;
				COPY_PHASE_STRIP = NO;
				DEBUG_INFORMATION_FORMAT = "dwarf-with-dsym";
				ENABLE_NS_ASSERTIONS = NO;
				ENABLE_STRICT_OBJC_MSGSEND = YES;
				GCC_C_LANGUAGE_STANDARD = gnu11;
				GCC_NO_COMMON_BLOCKS = YES;
				GCC_WARN_64_TO_32_BIT_CONVERSION = YES;
				GCC_WARN_ABOUT_RETURN_TYPE = YES_ERROR;
				GCC_WARN_UNDECLARED_SELECTOR = YES;
				GCC_WARN_UNINITIALIZED_AUTOS = YES_AGGRESSIVE;
				GCC_WARN_UNUSED_FUNCTION = YES;
				GCC_WARN_UNUSED_VARIABLE = YES;
				IPHONEOS_DEPLOYMENT_TARGET = 16.1;
				MTL_ENABLE_DEBUG_INFO = NO;
				MTL_FAST_MATH = YES;
				SDKROOT = iphoneos;
				SWIFT_COMPILATION_MODE = wholemodule;
				SWIFT_OPTIMIZATION_LEVEL = "-O";
				VALIDATE_PRODUCT = YES;
			};
			name = Release;
		};
		12A408442A1776FA00C5F640 /* Debug */ = {
			isa = XCBuildConfiguration;
			buildSettings = {
				ASSETCATALOG_COMPILER_APPICON_NAME = AppIcon;
				ASSETCATALOG_COMPILER_GLOBAL_ACCENT_COLOR_NAME = AccentColor;
				CODE_SIGN_STYLE = Automatic;
				CURRENT_PROJECT_VERSION = 1;
				DEVELOPMENT_TEAM = DH7KJY6JNQ;
				GENERATE_INFOPLIST_FILE = YES;
				INFOPLIST_FILE = TipCalculator/Info.plist;
				INFOPLIST_KEY_UIApplicationSupportsIndirectInputEvents = YES;
				INFOPLIST_KEY_UILaunchStoryboardName = LaunchScreen;
				INFOPLIST_KEY_UIMainStoryboardFile = Main;
				INFOPLIST_KEY_UISupportedInterfaceOrientations_iPad = "UIInterfaceOrientationPortrait UIInterfaceOrientationPortraitUpsideDown UIInterfaceOrientationLandscapeLeft UIInterfaceOrientationLandscapeRight";
				INFOPLIST_KEY_UISupportedInterfaceOrientations_iPhone = "UIInterfaceOrientationPortrait UIInterfaceOrientationLandscapeLeft UIInterfaceOrientationLandscapeRight";
				LD_RUNPATH_SEARCH_PATHS = (
					"$(inherited)",
					"@executable_path/Frameworks",
				);
				MARKETING_VERSION = 1.0;
				PRODUCT_BUNDLE_IDENTIFIER = com.geanatoliy.TipCalculator;
				PRODUCT_NAME = "$(TARGET_NAME)";
				SWIFT_EMIT_LOC_STRINGS = YES;
				SWIFT_VERSION = 5.0;
				TARGETED_DEVICE_FAMILY = "1,2";
			};
			name = Debug;
		};
		12A408452A1776FA00C5F640 /* Release */ = {
			isa = XCBuildConfiguration;
			buildSettings = {
				ASSETCATALOG_COMPILER_APPICON_NAME = AppIcon;
				ASSETCATALOG_COMPILER_GLOBAL_ACCENT_COLOR_NAME = AccentColor;
				CODE_SIGN_STYLE = Automatic;
				CURRENT_PROJECT_VERSION = 1;
				DEVELOPMENT_TEAM = DH7KJY6JNQ;
				GENERATE_INFOPLIST_FILE = YES;
				INFOPLIST_FILE = TipCalculator/Info.plist;
				INFOPLIST_KEY_UIApplicationSupportsIndirectInputEvents = YES;
				INFOPLIST_KEY_UILaunchStoryboardName = LaunchScreen;
				INFOPLIST_KEY_UIMainStoryboardFile = Main;
				INFOPLIST_KEY_UISupportedInterfaceOrientations_iPad = "UIInterfaceOrientationPortrait UIInterfaceOrientationPortraitUpsideDown UIInterfaceOrientationLandscapeLeft UIInterfaceOrientationLandscapeRight";
				INFOPLIST_KEY_UISupportedInterfaceOrientations_iPhone = "UIInterfaceOrientationPortrait UIInterfaceOrientationLandscapeLeft UIInterfaceOrientationLandscapeRight";
				LD_RUNPATH_SEARCH_PATHS = (
					"$(inherited)",
					"@executable_path/Frameworks",
				);
				MARKETING_VERSION = 1.0;
				PRODUCT_BUNDLE_IDENTIFIER = com.geanatoliy.TipCalculator;
				PRODUCT_NAME = "$(TARGET_NAME)";
				SWIFT_EMIT_LOC_STRINGS = YES;
				SWIFT_VERSION = 5.0;
				TARGETED_DEVICE_FAMILY = "1,2";
			};
			name = Release;
		};
		12A408472A1776FA00C5F640 /* Debug */ = {
			isa = XCBuildConfiguration;
			buildSettings = {
				ALWAYS_EMBED_SWIFT_STANDARD_LIBRARIES = YES;
				BUNDLE_LOADER = "$(TEST_HOST)";
				CODE_SIGN_STYLE = Automatic;
				CURRENT_PROJECT_VERSION = 1;
				DEVELOPMENT_TEAM = DH7KJY6JNQ;
				GENERATE_INFOPLIST_FILE = YES;
				IPHONEOS_DEPLOYMENT_TARGET = 16.1;
				MARKETING_VERSION = 1.0;
				PRODUCT_BUNDLE_IDENTIFIER = com.geanatoliy.TipCalculatorTests;
				PRODUCT_NAME = "$(TARGET_NAME)";
				SWIFT_EMIT_LOC_STRINGS = NO;
				SWIFT_VERSION = 5.0;
				TARGETED_DEVICE_FAMILY = "1,2";
				TEST_HOST = "$(BUILT_PRODUCTS_DIR)/TipCalculator.app/$(BUNDLE_EXECUTABLE_FOLDER_PATH)/TipCalculator";
			};
			name = Debug;
		};
		12A408482A1776FA00C5F640 /* Release */ = {
			isa = XCBuildConfiguration;
			buildSettings = {
				ALWAYS_EMBED_SWIFT_STANDARD_LIBRARIES = YES;
				BUNDLE_LOADER = "$(TEST_HOST)";
				CODE_SIGN_STYLE = Automatic;
				CURRENT_PROJECT_VERSION = 1;
				DEVELOPMENT_TEAM = DH7KJY6JNQ;
				GENERATE_INFOPLIST_FILE = YES;
				IPHONEOS_DEPLOYMENT_TARGET = 16.1;
				MARKETING_VERSION = 1.0;
				PRODUCT_BUNDLE_IDENTIFIER = com.geanatoliy.TipCalculatorTests;
				PRODUCT_NAME = "$(TARGET_NAME)";
				SWIFT_EMIT_LOC_STRINGS = NO;
				SWIFT_VERSION = 5.0;
				TARGETED_DEVICE_FAMILY = "1,2";
				TEST_HOST = "$(BUILT_PRODUCTS_DIR)/TipCalculator.app/$(BUNDLE_EXECUTABLE_FOLDER_PATH)/TipCalculator";
			};
			name = Release;
		};
		12A4084A2A1776FA00C5F640 /* Debug */ = {
			isa = XCBuildConfiguration;
			buildSettings = {
				ALWAYS_EMBED_SWIFT_STANDARD_LIBRARIES = YES;
				CODE_SIGN_STYLE = Automatic;
				CURRENT_PROJECT_VERSION = 1;
				DEVELOPMENT_TEAM = DH7KJY6JNQ;
				GENERATE_INFOPLIST_FILE = YES;
				MARKETING_VERSION = 1.0;
				PRODUCT_BUNDLE_IDENTIFIER = com.geanatoliy.TipCalculatorUITests;
				PRODUCT_NAME = "$(TARGET_NAME)";
				SWIFT_EMIT_LOC_STRINGS = NO;
				SWIFT_VERSION = 5.0;
				TARGETED_DEVICE_FAMILY = "1,2";
				TEST_TARGET_NAME = TipCalculator;
			};
			name = Debug;
		};
		12A4084B2A1776FA00C5F640 /* Release */ = {
			isa = XCBuildConfiguration;
			buildSettings = {
				ALWAYS_EMBED_SWIFT_STANDARD_LIBRARIES = YES;
				CODE_SIGN_STYLE = Automatic;
				CURRENT_PROJECT_VERSION = 1;
				DEVELOPMENT_TEAM = DH7KJY6JNQ;
				GENERATE_INFOPLIST_FILE = YES;
				MARKETING_VERSION = 1.0;
				PRODUCT_BUNDLE_IDENTIFIER = com.geanatoliy.TipCalculatorUITests;
				PRODUCT_NAME = "$(TARGET_NAME)";
				SWIFT_EMIT_LOC_STRINGS = NO;
				SWIFT_VERSION = 5.0;
				TARGETED_DEVICE_FAMILY = "1,2";
				TEST_TARGET_NAME = TipCalculator;
			};
			name = Release;
		};
/* End XCBuildConfiguration section */

/* Begin XCConfigurationList section */
		12A408142A1776F900C5F640 /* Build configuration list for PBXProject "TipCalculator" */ = {
			isa = XCConfigurationList;
			buildConfigurations = (
				12A408412A1776FA00C5F640 /* Debug */,
				12A408422A1776FA00C5F640 /* Release */,
			);
			defaultConfigurationIsVisible = 0;
			defaultConfigurationName = Release;
		};
		12A408432A1776FA00C5F640 /* Build configuration list for PBXNativeTarget "TipCalculator" */ = {
			isa = XCConfigurationList;
			buildConfigurations = (
				12A408442A1776FA00C5F640 /* Debug */,
				12A408452A1776FA00C5F640 /* Release */,
			);
			defaultConfigurationIsVisible = 0;
			defaultConfigurationName = Release;
		};
		12A408462A1776FA00C5F640 /* Build configuration list for PBXNativeTarget "TipCalculatorTests" */ = {
			isa = XCConfigurationList;
			buildConfigurations = (
				12A408472A1776FA00C5F640 /* Debug */,
				12A408482A1776FA00C5F640 /* Release */,
			);
			defaultConfigurationIsVisible = 0;
			defaultConfigurationName = Release;
		};
		12A408492A1776FA00C5F640 /* Build configuration list for PBXNativeTarget "TipCalculatorUITests" */ = {
			isa = XCConfigurationList;
			buildConfigurations = (
				12A4084A2A1776FA00C5F640 /* Debug */,
				12A4084B2A1776FA00C5F640 /* Release */,
			);
			defaultConfigurationIsVisible = 0;
			defaultConfigurationName = Release;
		};
/* End XCConfigurationList section */

/* Begin XCRemoteSwiftPackageReference section */
		12A4084C2A1777D900C5F640 /* XCRemoteSwiftPackageReference "CombineCocoa" */ = {
			isa = XCRemoteSwiftPackageReference;
			repositoryURL = "https://github.com/CombineCommunity/CombineCocoa";
			requirement = {
				kind = upToNextMinorVersion;
				minimumVersion = 0.4.1;
			};
		};
		12A4084F2A17780D00C5F640 /* XCRemoteSwiftPackageReference "SnapKit" */ = {
			isa = XCRemoteSwiftPackageReference;
			repositoryURL = "https://github.com/SnapKit/SnapKit";
			requirement = {
				kind = upToNextMinorVersion;
				minimumVersion = 5.6.0;
			};
		};
		12A408552A1778DC00C5F640 /* XCRemoteSwiftPackageReference "swift-snapshot-testing" */ = {
			isa = XCRemoteSwiftPackageReference;
			repositoryURL = "https://github.com/pointfreeco/swift-snapshot-testing";
			requirement = {
				kind = upToNextMinorVersion;
				minimumVersion = 1.9.0;
			};
		};
/* End XCRemoteSwiftPackageReference section */

/* Begin XCSwiftPackageProductDependency section */
		12A4084D2A1777D900C5F640 /* CombineCocoa */ = {
			isa = XCSwiftPackageProductDependency;
			package = 12A4084C2A1777D900C5F640 /* XCRemoteSwiftPackageReference "CombineCocoa" */;
			productName = CombineCocoa;
		};
		12A408502A17780D00C5F640 /* SnapKit */ = {
			isa = XCSwiftPackageProductDependency;
			package = 12A4084F2A17780D00C5F640 /* XCRemoteSwiftPackageReference "SnapKit" */;
			productName = SnapKit;
		};
		12A408532A17785600C5F640 /* CombineCocoa */ = {
			isa = XCSwiftPackageProductDependency;
			package = 12A4084C2A1777D900C5F640 /* XCRemoteSwiftPackageReference "CombineCocoa" */;
			productName = CombineCocoa;
		};
		12A408562A1778DC00C5F640 /* SnapshotTesting */ = {
			isa = XCSwiftPackageProductDependency;
			package = 12A408552A1778DC00C5F640 /* XCRemoteSwiftPackageReference "swift-snapshot-testing" */;
			productName = SnapshotTesting;
		};
		12A408582A17792C00C5F640 /* CombineCocoa */ = {
			isa = XCSwiftPackageProductDependency;
			package = 12A4084C2A1777D900C5F640 /* XCRemoteSwiftPackageReference "CombineCocoa" */;
			productName = CombineCocoa;
		};
/* End XCSwiftPackageProductDependency section */
	};
	rootObject = 12A408112A1776F900C5F640 /* Project object */;
}
